
Microsoft Visual Studio Solution File, Format Version 12.00
# Visual Studio 2012
Project("{FAE04EC0-301F-11D3-BF4B-00C04F79EFBC}") = "WindowsFormsApplication2", "WindowsFormsApplication2\WindowsFormsApplication2.csproj", "{0A8E1B9D-6FD6-4DA7-B9D1-2C86F017A047}"
EndProject
Global
	GlobalSection(SolutionConfigurationPlatforms) = preSolution
		Debug|Any CPU = Debug|Any CPU
		Release|Any CPU = Release|Any CPU
	EndGlobalSection
	GlobalSection(ProjectConfigurationPlatforms) = postSolution
		{0A8E1B9D-6FD6-4DA7-B9D1-2C86F017A047}.Debug|Any CPU.ActiveCfg = Debug|Any CPU
		{0A8E1B9D-6FD6-4DA7-B9D1-2C86F017A047}.Debug|Any CPU.Build.0 = Debug|Any CPU
		{0A8E1B9D-6FD6-4DA7-B9D1-2C86F017A047}.Release|Any CPU.ActiveCfg = Release|Any CPU
		{0A8E1B9D-6FD6-4DA7-B9D1-2C86F017A047}.Release|Any CPU.Build.0 = Release|Any CPU
	EndGlobalSection
	GlobalSection(SolutionProperties) = preSolution
		HideSolutionNode = FALSE
	EndGlobalSection
EndGlobal
