
Microsoft Visual Studio Solution File, Format Version 12.00
# Visual Studio 2012
Project("{FAE04EC0-301F-11D3-BF4B-00C04F79EFBC}") = "_sinemaUygulama", "_sinemaUygulama\_sinemaUygulama.csproj", "{FF65F978-7202-4E04-BE51-D1BF6336AEEA}"
EndProject
Global
	GlobalSection(SolutionConfigurationPlatforms) = preSolution
		Debug|Any CPU = Debug|Any CPU
		Release|Any CPU = Release|Any CPU
	EndGlobalSection
	GlobalSection(ProjectConfigurationPlatforms) = postSolution
		{FF65F978-7202-4E04-BE51-D1BF6336AEEA}.Debug|Any CPU.ActiveCfg = Debug|Any CPU
		{FF65F978-7202-4E04-BE51-D1BF6336AEEA}.Debug|Any CPU.Build.0 = Debug|Any CPU
		{FF65F978-7202-4E04-BE51-D1BF6336AEEA}.Release|Any CPU.ActiveCfg = Release|Any CPU
		{FF65F978-7202-4E04-BE51-D1BF6336AEEA}.Release|Any CPU.Build.0 = Release|Any CPU
	EndGlobalSection
	GlobalSection(SolutionProperties) = preSolution
		HideSolutionNode = FALSE
	EndGlobalSection
EndGlobal
