
Microsoft Visual Studio Solution File, Format Version 12.00
# Visual Studio 2012
Project("{FAE04EC0-301F-11D3-BF4B-00C04F79EFBC}") = "hastaneVeriTabani", "hastaneVeriTabani\hastaneVeriTabani.csproj", "{EFBEDF07-E72E-49FC-B543-3B7F55F9D8AE}"
EndProject
Global
	GlobalSection(SolutionConfigurationPlatforms) = preSolution
		Debug|Any CPU = Debug|Any CPU
		Release|Any CPU = Release|Any CPU
	EndGlobalSection
	GlobalSection(ProjectConfigurationPlatforms) = postSolution
		{EFBEDF07-E72E-49FC-B543-3B7F55F9D8AE}.Debug|Any CPU.ActiveCfg = Debug|Any CPU
		{EFBEDF07-E72E-49FC-B543-3B7F55F9D8AE}.Debug|Any CPU.Build.0 = Debug|Any CPU
		{EFBEDF07-E72E-49FC-B543-3B7F55F9D8AE}.Release|Any CPU.ActiveCfg = Release|Any CPU
		{EFBEDF07-E72E-49FC-B543-3B7F55F9D8AE}.Release|Any CPU.Build.0 = Release|Any CPU
	EndGlobalSection
	GlobalSection(SolutionProperties) = preSolution
		HideSolutionNode = FALSE
	EndGlobalSection
EndGlobal
