
Microsoft Visual Studio Solution File, Format Version 12.00
# Visual Studio 2012
Project("{FAE04EC0-301F-11D3-BF4B-00C04F79EFBC}") = "oyunTest", "oyunTest\oyunTest.csproj", "{BF94312A-0CE0-40AF-AC44-00A45E57C4CC}"
EndProject
Global
	GlobalSection(SolutionConfigurationPlatforms) = preSolution
		Debug|Any CPU = Debug|Any CPU
		Release|Any CPU = Release|Any CPU
	EndGlobalSection
	GlobalSection(ProjectConfigurationPlatforms) = postSolution
		{BF94312A-0CE0-40AF-AC44-00A45E57C4CC}.Debug|Any CPU.ActiveCfg = Debug|Any CPU
		{BF94312A-0CE0-40AF-AC44-00A45E57C4CC}.Debug|Any CPU.Build.0 = Debug|Any CPU
		{BF94312A-0CE0-40AF-AC44-00A45E57C4CC}.Release|Any CPU.ActiveCfg = Release|Any CPU
		{BF94312A-0CE0-40AF-AC44-00A45E57C4CC}.Release|Any CPU.Build.0 = Release|Any CPU
	EndGlobalSection
	GlobalSection(SolutionProperties) = preSolution
		HideSolutionNode = FALSE
	EndGlobalSection
EndGlobal
