
Microsoft Visual Studio Solution File, Format Version 12.00
# Visual Studio 2012
Project("{FAE04EC0-301F-11D3-BF4B-00C04F79EFBC}") = "diziOlusturma", "diziOlusturma\diziOlusturma.csproj", "{50B6634B-5ABB-4EC2-964C-14680ACAB64B}"
EndProject
Global
	GlobalSection(SolutionConfigurationPlatforms) = preSolution
		Debug|Any CPU = Debug|Any CPU
		Release|Any CPU = Release|Any CPU
	EndGlobalSection
	GlobalSection(ProjectConfigurationPlatforms) = postSolution
		{50B6634B-5ABB-4EC2-964C-14680ACAB64B}.Debug|Any CPU.ActiveCfg = Debug|Any CPU
		{50B6634B-5ABB-4EC2-964C-14680ACAB64B}.Debug|Any CPU.Build.0 = Debug|Any CPU
		{50B6634B-5ABB-4EC2-964C-14680ACAB64B}.Release|Any CPU.ActiveCfg = Release|Any CPU
		{50B6634B-5ABB-4EC2-964C-14680ACAB64B}.Release|Any CPU.Build.0 = Release|Any CPU
	EndGlobalSection
	GlobalSection(SolutionProperties) = preSolution
		HideSolutionNode = FALSE
	EndGlobalSection
EndGlobal
