
Microsoft Visual Studio Solution File, Format Version 12.00
# Visual Studio 2012
Project("{FAE04EC0-301F-11D3-BF4B-00C04F79EFBC}") = "veritabani_islemleri_2", "veritabani_islemleri_2\veritabani_islemleri_2.csproj", "{01AA794E-D301-432F-B66C-622FAEDE6B89}"
EndProject
Global
	GlobalSection(SolutionConfigurationPlatforms) = preSolution
		Debug|Any CPU = Debug|Any CPU
		Release|Any CPU = Release|Any CPU
	EndGlobalSection
	GlobalSection(ProjectConfigurationPlatforms) = postSolution
		{01AA794E-D301-432F-B66C-622FAEDE6B89}.Debug|Any CPU.ActiveCfg = Debug|Any CPU
		{01AA794E-D301-432F-B66C-622FAEDE6B89}.Debug|Any CPU.Build.0 = Debug|Any CPU
		{01AA794E-D301-432F-B66C-622FAEDE6B89}.Release|Any CPU.ActiveCfg = Release|Any CPU
		{01AA794E-D301-432F-B66C-622FAEDE6B89}.Release|Any CPU.Build.0 = Release|Any CPU
	EndGlobalSection
	GlobalSection(SolutionProperties) = preSolution
		HideSolutionNode = FALSE
	EndGlobalSection
EndGlobal
