
Microsoft Visual Studio Solution File, Format Version 12.00
# Visual Studio 2012
Project("{FAE04EC0-301F-11D3-BF4B-00C04F79EFBC}") = "tryCatch", "tryCatch\tryCatch.csproj", "{10E123F7-4B1F-468B-909C-490F61CB4ED3}"
EndProject
Global
	GlobalSection(SolutionConfigurationPlatforms) = preSolution
		Debug|Any CPU = Debug|Any CPU
		Release|Any CPU = Release|Any CPU
	EndGlobalSection
	GlobalSection(ProjectConfigurationPlatforms) = postSolution
		{10E123F7-4B1F-468B-909C-490F61CB4ED3}.Debug|Any CPU.ActiveCfg = Debug|Any CPU
		{10E123F7-4B1F-468B-909C-490F61CB4ED3}.Debug|Any CPU.Build.0 = Debug|Any CPU
		{10E123F7-4B1F-468B-909C-490F61CB4ED3}.Release|Any CPU.ActiveCfg = Release|Any CPU
		{10E123F7-4B1F-468B-909C-490F61CB4ED3}.Release|Any CPU.Build.0 = Release|Any CPU
	EndGlobalSection
	GlobalSection(SolutionProperties) = preSolution
		HideSolutionNode = FALSE
	EndGlobalSection
EndGlobal
